
Microsoft Visual Studio Solution File, Format Version 12.00
# Visual Studio Version 16
VisualStudioVersion = 16.0.30907.101
MinimumVisualStudioVersion = 10.0.40219.1
Project("{FAE04EC0-301F-11D3-BF4B-00C04F79EFBC}") = "ParkyAPI", "ParkyAPI\ParkyAPI.csproj", "{CE5D15A3-DCF8-4438-949F-412651C5D75D}"
EndProject
Project("{FAE04EC0-301F-11D3-BF4B-00C04F79EFBC}") = "ParkyAPI.DataAccess", "ParkyAPI.DataAccess\ParkyAPI.DataAccess.csproj", "{42E84E1C-DF12-48C1-B0AD-8C45D52A172F}"
EndProject
Project("{FAE04EC0-301F-11D3-BF4B-00C04F79EFBC}") = "ParkyAPI.Models", "ParkyAPI.Models\ParkyAPI.Models.csproj", "{1B38DB38-01E2-4204-BD9E-FF171FA5B646}"
EndProject
Global
	GlobalSection(SolutionConfigurationPlatforms) = preSolution
		Debug|Any CPU = Debug|Any CPU
		Release|Any CPU = Release|Any CPU
	EndGlobalSection
	GlobalSection(ProjectConfigurationPlatforms) = postSolution
		{CE5D15A3-DCF8-4438-949F-412651C5D75D}.Debug|Any CPU.ActiveCfg = Debug|Any CPU
		{CE5D15A3-DCF8-4438-949F-412651C5D75D}.Debug|Any CPU.Build.0 = Debug|Any CPU
		{CE5D15A3-DCF8-4438-949F-412651C5D75D}.Release|Any CPU.ActiveCfg = Release|Any CPU
		{CE5D15A3-DCF8-4438-949F-412651C5D75D}.Release|Any CPU.Build.0 = Release|Any CPU
		{42E84E1C-DF12-48C1-B0AD-8C45D52A172F}.Debug|Any CPU.ActiveCfg = Debug|Any CPU
		{42E84E1C-DF12-48C1-B0AD-8C45D52A172F}.Debug|Any CPU.Build.0 = Debug|Any CPU
		{42E84E1C-DF12-48C1-B0AD-8C45D52A172F}.Release|Any CPU.ActiveCfg = Release|Any CPU
		{42E84E1C-DF12-48C1-B0AD-8C45D52A172F}.Release|Any CPU.Build.0 = Release|Any CPU
		{1B38DB38-01E2-4204-BD9E-FF171FA5B646}.Debug|Any CPU.ActiveCfg = Debug|Any CPU
		{1B38DB38-01E2-4204-BD9E-FF171FA5B646}.Debug|Any CPU.Build.0 = Debug|Any CPU
		{1B38DB38-01E2-4204-BD9E-FF171FA5B646}.Release|Any CPU.ActiveCfg = Release|Any CPU
		{1B38DB38-01E2-4204-BD9E-FF171FA5B646}.Release|Any CPU.Build.0 = Release|Any CPU
	EndGlobalSection
	GlobalSection(SolutionProperties) = preSolution
		HideSolutionNode = FALSE
	EndGlobalSection
	GlobalSection(ExtensibilityGlobals) = postSolution
		SolutionGuid = {A9C8A480-2C74-41C7-A12E-AFF8A8F58484}
	EndGlobalSection
EndGlobal
